
Microsoft Visual Studio Solution File, Format Version 12.00
# Visual Studio 15
VisualStudioVersion = 15.0.26403.0
MinimumVisualStudioVersion = 10.0.40219.1
Project("{CC5FD16D-436D-48AD-A40C-5A424C6E3E79}") = "Bootcamp.Web.Azure", "Bootcamp.Web.Azure\Bootcamp.Web.Azure.ccproj", "{8B3A0AC1-410E-47C6-89D9-53CC3B5AFEE9}"
EndProject
Project("{FAE04EC0-301F-11D3-BF4B-00C04F79EFBC}") = "Bootcamp.Web", "Bootcamp.Web\Bootcamp.Web.csproj", "{DF2DD04B-D647-400E-AFD3-D297443CAB42}"
EndProject
Project("{00D1A9C2-B5F0-4AF3-8072-F6C62B433612}") = "Bootcamp.Data", "Bootcamp.Data\Bootcamp.Data.sqlproj", "{30553213-638A-4CFF-BB58-E3970456A824}"
EndProject
Project("{FAE04EC0-301F-11D3-BF4B-00C04F79EFBC}") = "Bootcamp.DataAccess", "Bootcamp.DataAccess\Bootcamp.DataAccess.csproj", "{31A2C497-05EF-4DD9-A310-6AED3154626C}"
EndProject
Global
	GlobalSection(SolutionConfigurationPlatforms) = preSolution
		Debug|Any CPU = Debug|Any CPU
		Release|Any CPU = Release|Any CPU
	EndGlobalSection
	GlobalSection(ProjectConfigurationPlatforms) = postSolution
		{8B3A0AC1-410E-47C6-89D9-53CC3B5AFEE9}.Debug|Any CPU.ActiveCfg = Debug|Any CPU
		{8B3A0AC1-410E-47C6-89D9-53CC3B5AFEE9}.Debug|Any CPU.Build.0 = Debug|Any CPU
		{8B3A0AC1-410E-47C6-89D9-53CC3B5AFEE9}.Release|Any CPU.ActiveCfg = Release|Any CPU
		{8B3A0AC1-410E-47C6-89D9-53CC3B5AFEE9}.Release|Any CPU.Build.0 = Release|Any CPU
		{DF2DD04B-D647-400E-AFD3-D297443CAB42}.Debug|Any CPU.ActiveCfg = Debug|Any CPU
		{DF2DD04B-D647-400E-AFD3-D297443CAB42}.Debug|Any CPU.Build.0 = Debug|Any CPU
		{DF2DD04B-D647-400E-AFD3-D297443CAB42}.Release|Any CPU.ActiveCfg = Release|Any CPU
		{DF2DD04B-D647-400E-AFD3-D297443CAB42}.Release|Any CPU.Build.0 = Release|Any CPU
		{30553213-638A-4CFF-BB58-E3970456A824}.Debug|Any CPU.ActiveCfg = Debug|Any CPU
		{30553213-638A-4CFF-BB58-E3970456A824}.Debug|Any CPU.Build.0 = Debug|Any CPU
		{30553213-638A-4CFF-BB58-E3970456A824}.Debug|Any CPU.Deploy.0 = Debug|Any CPU
		{30553213-638A-4CFF-BB58-E3970456A824}.Release|Any CPU.ActiveCfg = Release|Any CPU
		{30553213-638A-4CFF-BB58-E3970456A824}.Release|Any CPU.Build.0 = Release|Any CPU
		{30553213-638A-4CFF-BB58-E3970456A824}.Release|Any CPU.Deploy.0 = Release|Any CPU
		{31A2C497-05EF-4DD9-A310-6AED3154626C}.Debug|Any CPU.ActiveCfg = Debug|Any CPU
		{31A2C497-05EF-4DD9-A310-6AED3154626C}.Debug|Any CPU.Build.0 = Debug|Any CPU
		{31A2C497-05EF-4DD9-A310-6AED3154626C}.Release|Any CPU.ActiveCfg = Release|Any CPU
		{31A2C497-05EF-4DD9-A310-6AED3154626C}.Release|Any CPU.Build.0 = Release|Any CPU
	EndGlobalSection
	GlobalSection(SolutionProperties) = preSolution
		HideSolutionNode = FALSE
	EndGlobalSection
EndGlobal
